
Microsoft Visual Studio Solution File, Format Version 12.00
# Visual Studio Version 17
VisualStudioVersion = 17.7.34202.233
MinimumVisualStudioVersion = 10.0.40219.1
Project("{FAE04EC0-301F-11D3-BF4B-00C04F79EFBC}") = "Lab4", "Lab4.csproj", "{7A6D6ECA-D519-4B68-83CB-4F2B12159637}"
EndProject
Global
	GlobalSection(SolutionConfigurationPlatforms) = preSolution
		Debug|Any CPU = Debug|Any CPU
		Release|Any CPU = Release|Any CPU
	EndGlobalSection
	GlobalSection(ProjectConfigurationPlatforms) = postSolution
		{7A6D6ECA-D519-4B68-83CB-4F2B12159637}.Debug|Any CPU.ActiveCfg = Debug|Any CPU
		{7A6D6ECA-D519-4B68-83CB-4F2B12159637}.Debug|Any CPU.Build.0 = Debug|Any CPU
		{7A6D6ECA-D519-4B68-83CB-4F2B12159637}.Release|Any CPU.ActiveCfg = Release|Any CPU
		{7A6D6ECA-D519-4B68-83CB-4F2B12159637}.Release|Any CPU.Build.0 = Release|Any CPU
	EndGlobalSection
	GlobalSection(SolutionProperties) = preSolution
		HideSolutionNode = FALSE
	EndGlobalSection
	GlobalSection(ExtensibilityGlobals) = postSolution
		SolutionGuid = {40EF735B-2BBB-4751-88F8-4237551D9679}
	EndGlobalSection
EndGlobal
