
Microsoft Visual Studio Solution File, Format Version 12.00
# Visual Studio Version 17
VisualStudioVersion = 17.7.34202.233
MinimumVisualStudioVersion = 10.0.40219.1
Project("{FAE04EC0-301F-11D3-BF4B-00C04F79EFBC}") = "Numbers", "Numbers.csproj", "{2F35A6D8-ABEA-4D64-B8A4-E6924B2788DF}"
EndProject
Global
	GlobalSection(SolutionConfigurationPlatforms) = preSolution
		Debug|Any CPU = Debug|Any CPU
		Release|Any CPU = Release|Any CPU
	EndGlobalSection
	GlobalSection(ProjectConfigurationPlatforms) = postSolution
		{2F35A6D8-ABEA-4D64-B8A4-E6924B2788DF}.Debug|Any CPU.ActiveCfg = Debug|Any CPU
		{2F35A6D8-ABEA-4D64-B8A4-E6924B2788DF}.Debug|Any CPU.Build.0 = Debug|Any CPU
		{2F35A6D8-ABEA-4D64-B8A4-E6924B2788DF}.Release|Any CPU.ActiveCfg = Release|Any CPU
		{2F35A6D8-ABEA-4D64-B8A4-E6924B2788DF}.Release|Any CPU.Build.0 = Release|Any CPU
	EndGlobalSection
	GlobalSection(SolutionProperties) = preSolution
		HideSolutionNode = FALSE
	EndGlobalSection
	GlobalSection(ExtensibilityGlobals) = postSolution
		SolutionGuid = {D829560F-5157-4684-AA83-3B4C5087D8A7}
	EndGlobalSection
EndGlobal
